// !$*UTF8*$!
{
	archiveVersion = 1;
	classes = {
	};
	objectVersion = 46;
	objects = {

/* Begin PBXBuildFile section */
		965C2C991D0FA3DC00D49CCF /* main.m in Sources */ = {isa = PBXBuildFile; fileRef = 965C2C981D0FA3DC00D49CCF /* main.m */; };
		965C2C9C1D0FA3DC00D49CCF /* AppDelegate.m in Sources */ = {isa = PBXBuildFile; fileRef = 965C2C9B1D0FA3DC00D49CCF /* AppDelegate.m */; };
		965C2C9F1D0FA3DC00D49CCF /* ViewController.m in Sources */ = {isa = PBXBuildFile; fileRef = 965C2C9E1D0FA3DC00D49CCF /* ViewController.m */; };
		965C2CA21D0FA3DC00D49CCF /* Main.storyboard in Resources */ = {isa = PBXBuildFile; fileRef = 965C2CA01D0FA3DC00D49CCF /* Main.storyboard */; };
		965C2CA41D0FA3DC00D49CCF /* Assets.xcassets in Resources */ = {isa = PBXBuildFile; fileRef = 965C2CA31D0FA3DC00D49CCF /* Assets.xcassets */; };
		965C2CA71D0FA3DD00D49CCF /* LaunchScreen.storyboard in Resources */ = {isa = PBXBuildFile; fileRef = 965C2CA51D0FA3DC00D49CCF /* LaunchScreen.storyboard */; };
		965C2CB21D0FA3DD00D49CCF /* TCSelectCity_DemoTests.m in Sources */ = {isa = PBXBuildFile; fileRef = 965C2CB11D0FA3DD00D49CCF /* TCSelectCity_DemoTests.m */; };
		965C2CBD1D0FA3DD00D49CCF /* TCSelectCity_DemoUITests.m in Sources */ = {isa = PBXBuildFile; fileRef = 965C2CBC1D0FA3DD00D49CCF /* TCSelectCity_DemoUITests.m */; };
		965C2CD81D0FA40900D49CCF /* CityData.plist in Resources */ = {isa = PBXBuildFile; fileRef = 965C2CCC1D0FA40900D49CCF /* CityData.plist */; };
		965C2CD91D0FA40900D49CCF /* TLCity.m in Sources */ = {isa = PBXBuildFile; fileRef = 965C2CCE1D0FA40900D49CCF /* TLCity.m */; };
		965C2CDA1D0FA40900D49CCF /* TLCityGroupCell.m in Sources */ = {isa = PBXBuildFile; fileRef = 965C2CD01D0FA40900D49CCF /* TLCityGroupCell.m */; };
		965C2CDB1D0FA40900D49CCF /* TLCityHeaderView.m in Sources */ = {isa = PBXBuildFile; fileRef = 965C2CD21D0FA40900D49CCF /* TLCityHeaderView.m */; };
		965C2CDC1D0FA40900D49CCF /* TLCityPickerController.m in Sources */ = {isa = PBXBuildFile; fileRef = 965C2CD41D0FA40900D49CCF /* TLCityPickerController.m */; };
		965C2CDD1D0FA40900D49CCF /* TLCityPickerSearchResultController.m in Sources */ = {isa = PBXBuildFile; fileRef = 965C2CD71D0FA40900D49CCF /* TLCityPickerSearchResultController.m */; };
		965C2CF01D0FA54F00D49CCF /* cancelBtn@2x.png in Resources */ = {isa = PBXBuildFile; fileRef = 965C2CDF1D0FA54F00D49CCF /* cancelBtn@2x.png */; };
		965C2CF11D0FA54F00D49CCF /* citydict.plist in Resources */ = {isa = PBXBuildFile; fileRef = 965C2CE01D0FA54F00D49CCF /* citydict.plist */; };
		965C2CF21D0FA54F00D49CCF /* CityViewController.m in Sources */ = {isa = PBXBuildFile; fileRef = 965C2CE31D0FA54F00D49CCF /* CityViewController.m */; };
		965C2CF31D0FA54F00D49CCF /* ResultCityController.m in Sources */ = {isa = PBXBuildFile; fileRef = 965C2CE51D0FA54F00D49CCF /* ResultCityController.m */; };
		965C2CF41D0FA54F00D49CCF /* CityModel.m in Sources */ = {isa = PBXBuildFile; fileRef = 965C2CE81D0FA54F00D49CCF /* CityModel.m */; };
		965C2CF51D0FA54F00D49CCF /* CityTableViewCell.m in Sources */ = {isa = PBXBuildFile; fileRef = 965C2CEB1D0FA54F00D49CCF /* CityTableViewCell.m */; };
		965C2CF61D0FA54F00D49CCF /* CustomSearchView.m in Sources */ = {isa = PBXBuildFile; fileRef = 965C2CED1D0FA54F00D49CCF /* CustomSearchView.m */; };
		965C2CF71D0FA54F00D49CCF /* CustomTopView.m in Sources */ = {isa = PBXBuildFile; fileRef = 965C2CEF1D0FA54F00D49CCF /* CustomTopView.m */; };
/* End PBXBuildFile section */

/* Begin PBXContainerItemProxy section */
		965C2CAE1D0FA3DD00D49CCF /* PBXContainerItemProxy */ = {
			isa = PBXContainerItemProxy;
			containerPortal = 965C2C8C1D0FA3DC00D49CCF /* Project object */;
			proxyType = 1;
			remoteGlobalIDString = 965C2C931D0FA3DC00D49CCF;
			remoteInfo = TCSelectCity_Demo;
		};
		965C2CB91D0FA3DD00D49CCF /* PBXContainerItemProxy */ = {
			isa = PBXContainerItemProxy;
			containerPortal = 965C2C8C1D0FA3DC00D49CCF /* Project object */;
			proxyType = 1;
			remoteGlobalIDString = 965C2C931D0FA3DC00D49CCF;
			remoteInfo = TCSelectCity_Demo;
		};
/* End PBXContainerItemProxy section */

/* Begin PBXFileReference section */
		965C2C941D0FA3DC00D49CCF /* TCSelectCity_Demo.app */ = {isa = PBXFileReference; explicitFileType = wrapper.application; includeInIndex = 0; path = TCSelectCity_Demo.app; sourceTree = BUILT_PRODUCTS_DIR; };
		965C2C981D0FA3DC00D49CCF /* main.m */ = {isa = PBXFileReference; lastKnownFileType = sourcecode.c.objc; path = main.m; sourceTree = "<group>"; };
		965C2C9A1D0FA3DC00D49CCF /* AppDelegate.h */ = {isa = PBXFileReference; lastKnownFileType = sourcecode.c.h; path = AppDelegate.h; sourceTree = "<group>"; };
		965C2C9B1D0FA3DC00D49CCF /* AppDelegate.m */ = {isa = PBXFileReference; lastKnownFileType = sourcecode.c.objc; path = AppDelegate.m; sourceTree = "<group>"; };
		965C2C9D1D0FA3DC00D49CCF /* ViewController.h */ = {isa = PBXFileReference; lastKnownFileType = sourcecode.c.h; path = ViewController.h; sourceTree = "<group>"; };
		965C2C9E1D0FA3DC00D49CCF /* ViewController.m */ = {isa = PBXFileReference; lastKnownFileType = sourcecode.c.objc; path = ViewController.m; sourceTree = "<group>"; };
		965C2CA11D0FA3DC00D49CCF /* Base */ = {isa = PBXFileReference; lastKnownFileType = file.storyboard; name = Base; path = Base.lproj/Main.storyboard; sourceTree = "<group>"; };
		965C2CA31D0FA3DC00D49CCF /* Assets.xcassets */ = {isa = PBXFileReference; lastKnownFileType = folder.assetcatalog; path = Assets.xcassets; sourceTree = "<group>"; };
		965C2CA61D0FA3DC00D49CCF /* Base */ = {isa = PBXFileReference; lastKnownFileType = file.storyboard; name = Base; path = Base.lproj/LaunchScreen.storyboard; sourceTree = "<group>"; };
		965C2CA81D0FA3DD00D49CCF /* Info.plist */ = {isa = PBXFileReference; lastKnownFileType = text.plist.xml; path = Info.plist; sourceTree = "<group>"; };
		965C2CAD1D0FA3DD00D49CCF /* TCSelectCity_DemoTests.xctest */ = {isa = PBXFileReference; explicitFileType = wrapper.cfbundle; includeInIndex = 0; path = TCSelectCity_DemoTests.xctest; sourceTree = BUILT_PRODUCTS_DIR; };
		965C2CB11D0FA3DD00D49CCF /* TCSelectCity_DemoTests.m */ = {isa = PBXFileReference; lastKnownFileType = sourcecode.c.objc; path = TCSelectCity_DemoTests.m; sourceTree = "<group>"; };
		965C2CB31D0FA3DD00D49CCF /* Info.plist */ = {isa = PBXFileReference; lastKnownFileType = text.plist.xml; path = Info.plist; sourceTree = "<group>"; };
		965C2CB81D0FA3DD00D49CCF /* TCSelectCity_DemoUITests.xctest */ = {isa = PBXFileReference; explicitFileType = wrapper.cfbundle; includeInIndex = 0; path = TCSelectCity_DemoUITests.xctest; sourceTree = BUILT_PRODUCTS_DIR; };
		965C2CBC1D0FA3DD00D49CCF /* TCSelectCity_DemoUITests.m */ = {isa = PBXFileReference; lastKnownFileType = sourcecode.c.objc; path = TCSelectCity_DemoUITests.m; sourceTree = "<group>"; };
		965C2CBE1D0FA3DD00D49CCF /* Info.plist */ = {isa = PBXFileReference; lastKnownFileType = text.plist.xml; path = Info.plist; sourceTree = "<group>"; };
		965C2CCC1D0FA40900D49CCF /* CityData.plist */ = {isa = PBXFileReference; fileEncoding = 4; lastKnownFileType = text.plist.xml; path = CityData.plist; sourceTree = "<group>"; };
		965C2CCD1D0FA40900D49CCF /* TLCity.h */ = {isa = PBXFileReference; fileEncoding = 4; lastKnownFileType = sourcecode.c.h; path = TLCity.h; sourceTree = "<group>"; };
		965C2CCE1D0FA40900D49CCF /* TLCity.m */ = {isa = PBXFileReference; fileEncoding = 4; lastKnownFileType = sourcecode.c.objc; path = TLCity.m; sourceTree = "<group>"; };
		965C2CCF1D0FA40900D49CCF /* TLCityGroupCell.h */ = {isa = PBXFileReference; fileEncoding = 4; lastKnownFileType = sourcecode.c.h; path = TLCityGroupCell.h; sourceTree = "<group>"; };
		965C2CD01D0FA40900D49CCF /* TLCityGroupCell.m */ = {isa = PBXFileReference; fileEncoding = 4; lastKnownFileType = sourcecode.c.objc; path = TLCityGroupCell.m; sourceTree = "<group>"; };
		965C2CD11D0FA40900D49CCF /* TLCityHeaderView.h */ = {isa = PBXFileReference; fileEncoding = 4; lastKnownFileType = sourcecode.c.h; path = TLCityHeaderView.h; sourceTree = "<group>"; };
		965C2CD21D0FA40900D49CCF /* TLCityHeaderView.m */ = {isa = PBXFileReference; fileEncoding = 4; lastKnownFileType = sourcecode.c.objc; path = TLCityHeaderView.m; sourceTree = "<group>"; };
		965C2CD31D0FA40900D49CCF /* TLCityPickerController.h */ = {isa = PBXFileReference; fileEncoding = 4; lastKnownFileType = sourcecode.c.h; path = TLCityPickerController.h; sourceTree = "<group>"; };
		965C2CD41D0FA40900D49CCF /* TLCityPickerController.m */ = {isa = PBXFileReference; fileEncoding = 4; lastKnownFileType = sourcecode.c.objc; path = TLCityPickerController.m; sourceTree = "<group>"; };
		965C2CD51D0FA40900D49CCF /* TLCityPickerDelegate.h */ = {isa = PBXFileReference; fileEncoding = 4; lastKnownFileType = sourcecode.c.h; path = TLCityPickerDelegate.h; sourceTree = "<group>"; };
		965C2CD61D0FA40900D49CCF /* TLCityPickerSearchResultController.h */ = {isa = PBXFileReference; fileEncoding = 4; lastKnownFileType = sourcecode.c.h; path = TLCityPickerSearchResultController.h; sourceTree = "<group>"; };
		965C2CD71D0FA40900D49CCF /* TLCityPickerSearchResultController.m */ = {isa = PBXFileReference; fileEncoding = 4; lastKnownFileType = sourcecode.c.objc; path = TLCityPickerSearchResultController.m; sourceTree = "<group>"; };
		965C2CDF1D0FA54F00D49CCF /* cancelBtn@2x.png */ = {isa = PBXFileReference; lastKnownFileType = image.png; path = "cancelBtn@2x.png"; sourceTree = "<group>"; };
		965C2CE01D0FA54F00D49CCF /* citydict.plist */ = {isa = PBXFileReference; fileEncoding = 4; lastKnownFileType = text.plist.xml; path = citydict.plist; sourceTree = "<group>"; };
		965C2CE21D0FA54F00D49CCF /* CityViewController.h */ = {isa = PBXFileReference; fileEncoding = 4; lastKnownFileType = sourcecode.c.h; path = CityViewController.h; sourceTree = "<group>"; };
		965C2CE31D0FA54F00D49CCF /* CityViewController.m */ = {isa = PBXFileReference; fileEncoding = 4; lastKnownFileType = sourcecode.c.objc; path = CityViewController.m; sourceTree = "<group>"; };
		965C2CE41D0FA54F00D49CCF /* ResultCityController.h */ = {isa = PBXFileReference; fileEncoding = 4; lastKnownFileType = sourcecode.c.h; path = ResultCityController.h; sourceTree = "<group>"; };
		965C2CE51D0FA54F00D49CCF /* ResultCityController.m */ = {isa = PBXFileReference; fileEncoding = 4; lastKnownFileType = sourcecode.c.objc; path = ResultCityController.m; sourceTree = "<group>"; };
		965C2CE71D0FA54F00D49CCF /* CityModel.h */ = {isa = PBXFileReference; fileEncoding = 4; lastKnownFileType = sourcecode.c.h; path = CityModel.h; sourceTree = "<group>"; };
		965C2CE81D0FA54F00D49CCF /* CityModel.m */ = {isa = PBXFileReference; fileEncoding = 4; lastKnownFileType = sourcecode.c.objc; path = CityModel.m; sourceTree = "<group>"; };
		965C2CEA1D0FA54F00D49CCF /* CityTableViewCell.h */ = {isa = PBXFileReference; fileEncoding = 4; lastKnownFileType = sourcecode.c.h; path = CityTableViewCell.h; sourceTree = "<group>"; };
		965C2CEB1D0FA54F00D49CCF /* CityTableViewCell.m */ = {isa = PBXFileReference; fileEncoding = 4; lastKnownFileType = sourcecode.c.objc; path = CityTableViewCell.m; sourceTree = "<group>"; };
		965C2CEC1D0FA54F00D49CCF /* CustomSearchView.h */ = {isa = PBXFileReference; fileEncoding = 4; lastKnownFileType = sourcecode.c.h; path = CustomSearchView.h; sourceTree = "<group>"; };
		965C2CED1D0FA54F00D49CCF /* CustomSearchView.m */ = {isa = PBXFileReference; fileEncoding = 4; lastKnownFileType = sourcecode.c.objc; path = CustomSearchView.m; sourceTree = "<group>"; };
		965C2CEE1D0FA54F00D49CCF /* CustomTopView.h */ = {isa = PBXFileReference; fileEncoding = 4; lastKnownFileType = sourcecode.c.h; path = CustomTopView.h; sourceTree = "<group>"; };
		965C2CEF1D0FA54F00D49CCF /* CustomTopView.m */ = {isa = PBXFileReference; fileEncoding = 4; lastKnownFileType = sourcecode.c.objc; path = CustomTopView.m; sourceTree = "<group>"; };
/* End PBXFileReference section */

/* Begin PBXFrameworksBuildPhase section */
		965C2C911D0FA3DC00D49CCF /* Frameworks */ = {
			isa = PBXFrameworksBuildPhase;
			buildActionMask = 2147483647;
			files = (
			);
			runOnlyForDeploymentPostprocessing = 0;
		};
		965C2CAA1D0FA3DD00D49CCF /* Frameworks */ = {
			isa = PBXFrameworksBuildPhase;
			buildActionMask = 2147483647;
			files = (
			);
			runOnlyForDeploymentPostprocessing = 0;
		};
		965C2CB51D0FA3DD00D49CCF /* Frameworks */ = {
			isa = PBXFrameworksBuildPhase;
			buildActionMask = 2147483647;
			files = (
			);
			runOnlyForDeploymentPostprocessing = 0;
		};
/* End PBXFrameworksBuildPhase section */

/* Begin PBXGroup section */
		965C2C8B1D0FA3DC00D49CCF = {
			isa = PBXGroup;
			children = (
				965C2C961D0FA3DC00D49CCF /* TCSelectCity_Demo */,
				965C2CB01D0FA3DD00D49CCF /* TCSelectCity_DemoTests */,
				965C2CBB1D0FA3DD00D49CCF /* TCSelectCity_DemoUITests */,
				965C2C951D0FA3DC00D49CCF /* Products */,
			);
			sourceTree = "<group>";
		};
		965C2C951D0FA3DC00D49CCF /* Products */ = {
			isa = PBXGroup;
			children = (
				965C2C941D0FA3DC00D49CCF /* TCSelectCity_Demo.app */,
				965C2CAD1D0FA3DD00D49CCF /* TCSelectCity_DemoTests.xctest */,
				965C2CB81D0FA3DD00D49CCF /* TCSelectCity_DemoUITests.xctest */,
			);
			name = Products;
			sourceTree = "<group>";
		};
		965C2C961D0FA3DC00D49CCF /* TCSelectCity_Demo */ = {
			isa = PBXGroup;
			children = (
				965C2CDE1D0FA54F00D49CCF /* selectCity */,
				965C2CCB1D0FA40900D49CCF /* TLCityPicker */,
				965C2C9A1D0FA3DC00D49CCF /* AppDelegate.h */,
				965C2C9B1D0FA3DC00D49CCF /* AppDelegate.m */,
				965C2C9D1D0FA3DC00D49CCF /* ViewController.h */,
				965C2C9E1D0FA3DC00D49CCF /* ViewController.m */,
				965C2CA01D0FA3DC00D49CCF /* Main.storyboard */,
				965C2CA31D0FA3DC00D49CCF /* Assets.xcassets */,
				965C2CA51D0FA3DC00D49CCF /* LaunchScreen.storyboard */,
				965C2CA81D0FA3DD00D49CCF /* Info.plist */,
				965C2C971D0FA3DC00D49CCF /* Supporting Files */,
			);
			path = TCSelectCity_Demo;
			sourceTree = "<group>";
		};
		965C2C971D0FA3DC00D49CCF /* Supporting Files */ = {
			isa = PBXGroup;
			children = (
				965C2C981D0FA3DC00D49CCF /* main.m */,
			);
			name = "Supporting Files";
			sourceTree = "<group>";
		};
		965C2CB01D0FA3DD00D49CCF /* TCSelectCity_DemoTests */ = {
			isa = PBXGroup;
			children = (
				965C2CB11D0FA3DD00D49CCF /* TCSelectCity_DemoTests.m */,
				965C2CB31D0FA3DD00D49CCF /* Info.plist */,
			);
			path = TCSelectCity_DemoTests;
			sourceTree = "<group>";
		};
		965C2CBB1D0FA3DD00D49CCF /* TCSelectCity_DemoUITests */ = {
			isa = PBXGroup;
			children = (
				965C2CBC1D0FA3DD00D49CCF /* TCSelectCity_DemoUITests.m */,
				965C2CBE1D0FA3DD00D49CCF /* Info.plist */,
			);
			path = TCSelectCity_DemoUITests;
			sourceTree = "<group>";
		};
		965C2CCB1D0FA40900D49CCF /* TLCityPicker */ = {
			isa = PBXGroup;
			children = (
				965C2CCC1D0FA40900D49CCF /* CityData.plist */,
				965C2CCD1D0FA40900D49CCF /* TLCity.h */,
				965C2CCE1D0FA40900D49CCF /* TLCity.m */,
				965C2CCF1D0FA40900D49CCF /* TLCityGroupCell.h */,
				965C2CD01D0FA40900D49CCF /* TLCityGroupCell.m */,
				965C2CD11D0FA40900D49CCF /* TLCityHeaderView.h */,
				965C2CD21D0FA40900D49CCF /* TLCityHeaderView.m */,
				965C2CD31D0FA40900D49CCF /* TLCityPickerController.h */,
				965C2CD41D0FA40900D49CCF /* TLCityPickerController.m */,
				965C2CD51D0FA40900D49CCF /* TLCityPickerDelegate.h */,
				965C2CD61D0FA40900D49CCF /* TLCityPickerSearchResultController.h */,
				965C2CD71D0FA40900D49CCF /* TLCityPickerSearchResultController.m */,
			);
			path = TLCityPicker;
			sourceTree = "<group>";
		};
		965C2CDE1D0FA54F00D49CCF /* selectCity */ = {
			isa = PBXGroup;
			children = (
				965C2CDF1D0FA54F00D49CCF /* cancelBtn@2x.png */,
				965C2CE01D0FA54F00D49CCF /* citydict.plist */,
				965C2CE11D0FA54F00D49CCF /* Controller */,
				965C2CE61D0FA54F00D49CCF /* Model */,
				965C2CE91D0FA54F00D49CCF /* View */,
			);
			path = selectCity;
			sourceTree = "<group>";
		};
		965C2CE11D0FA54F00D49CCF /* Controller */ = {
			isa = PBXGroup;
			children = (
				965C2CE21D0FA54F00D49CCF /* CityViewController.h */,
				965C2CE31D0FA54F00D49CCF /* CityViewController.m */,
				965C2CE41D0FA54F00D49CCF /* ResultCityController.h */,
				965C2CE51D0FA54F00D49CCF /* ResultCityController.m */,
			);
			path = Controller;
			sourceTree = "<group>";
		};
		965C2CE61D0FA54F00D49CCF /* Model */ = {
			isa = PBXGroup;
			children = (
				965C2CE71D0FA54F00D49CCF /* CityModel.h */,
				965C2CE81D0FA54F00D49CCF /* CityModel.m */,
			);
			path = Model;
			sourceTree = "<group>";
		};
		965C2CE91D0FA54F00D49CCF /* View */ = {
			isa = PBXGroup;
			children = (
				965C2CEA1D0FA54F00D49CCF /* CityTableViewCell.h */,
				965C2CEB1D0FA54F00D49CCF /* CityTableViewCell.m */,
				965C2CEC1D0FA54F00D49CCF /* CustomSearchView.h */,
				965C2CED1D0FA54F00D49CCF /* CustomSearchView.m */,
				965C2CEE1D0FA54F00D49CCF /* CustomTopView.h */,
				965C2CEF1D0FA54F00D49CCF /* CustomTopView.m */,
			);
			path = View;
			sourceTree = "<group>";
		};
/* End PBXGroup section */

/* Begin PBXNativeTarget section */
		965C2C931D0FA3DC00D49CCF /* TCSelectCity_Demo */ = {
			isa = PBXNativeTarget;
			buildConfigurationList = 965C2CC11D0FA3DD00D49CCF /* Build configuration list for PBXNativeTarget "TCSelectCity_Demo" */;
			buildPhases = (
				965C2C901D0FA3DC00D49CCF /* Sources */,
				965C2C911D0FA3DC00D49CCF /* Frameworks */,
				965C2C921D0FA3DC00D49CCF /* Resources */,
			);
			buildRules = (
			);
			dependencies = (
			);
			name = TCSelectCity_Demo;
			productName = TCSelectCity_Demo;
			productReference = 965C2C941D0FA3DC00D49CCF /* TCSelectCity_Demo.app */;
			productType = "com.apple.product-type.application";
		};
		965C2CAC1D0FA3DD00D49CCF /* TCSelectCity_DemoTests */ = {
			isa = PBXNativeTarget;
			buildConfigurationList = 965C2CC41D0FA3DD00D49CCF /* Build configuration list for PBXNativeTarget "TCSelectCity_DemoTests" */;
			buildPhases = (
				965C2CA91D0FA3DD00D49CCF /* Sources */,
				965C2CAA1D0FA3DD00D49CCF /* Frameworks */,
				965C2CAB1D0FA3DD00D49CCF /* Resources */,
			);
			buildRules = (
			);
			dependencies = (
				965C2CAF1D0FA3DD00D49CCF /* PBXTargetDependency */,
			);
			name = TCSelectCity_DemoTests;
			productName = TCSelectCity_DemoTests;
			productReference = 965C2CAD1D0FA3DD00D49CCF /* TCSelectCity_DemoTests.xctest */;
			productType = "com.apple.product-type.bundle.unit-test";
		};
		965C2CB71D0FA3DD00D49CCF /* TCSelectCity_DemoUITests */ = {
			isa = PBXNativeTarget;
			buildConfigurationList = 965C2CC71D0FA3DD00D49CCF /* Build configuration list for PBXNativeTarget "TCSelectCity_DemoUITests" */;
			buildPhases = (
				965C2CB41D0FA3DD00D49CCF /* Sources */,
				965C2CB51D0FA3DD00D49CCF /* Frameworks */,
				965C2CB61D0FA3DD00D49CCF /* Resources */,
			);
			buildRules = (
			);
			dependencies = (
				965C2CBA1D0FA3DD00D49CCF /* PBXTargetDependency */,
			);
			name = TCSelectCity_DemoUITests;
			productName = TCSelectCity_DemoUITests;
			productReference = 965C2CB81D0FA3DD00D49CCF /* TCSelectCity_DemoUITests.xctest */;
			productType = "com.apple.product-type.bundle.ui-testing";
		};
/* End PBXNativeTarget section */

/* Begin PBXProject section */
		965C2C8C1D0FA3DC00D49CCF /* Project object */ = {
			isa = PBXProject;
			attributes = {
				LastUpgradeCheck = 0720;
				ORGANIZATIONNAME = TailC;
				TargetAttributes = {
					965C2C931D0FA3DC00D49CCF = {
						CreatedOnToolsVersion = 7.2;
					};
					965C2CAC1D0FA3DD00D49CCF = {
						CreatedOnToolsVersion = 7.2;
						TestTargetID = 965C2C931D0FA3DC00D49CCF;
					};
					965C2CB71D0FA3DD00D49CCF = {
						CreatedOnToolsVersion = 7.2;
						TestTargetID = 965C2C931D0FA3DC00D49CCF;
					};
				};
			};
			buildConfigurationList = 965C2C8F1D0FA3DC00D49CCF /* Build configuration list for PBXProject "TCSelectCity_Demo" */;
			compatibilityVersion = "Xcode 3.2";
			developmentRegion = English;
			hasScannedForEncodings = 0;
			knownRegions = (
				en,
				Base,
			);
			mainGroup = 965C2C8B1D0FA3DC00D49CCF;
			productRefGroup = 965C2C951D0FA3DC00D49CCF /* Products */;
			projectDirPath = "";
			projectRoot = "";
			targets = (
				965C2C931D0FA3DC00D49CCF /* TCSelectCity_Demo */,
				965C2CAC1D0FA3DD00D49CCF /* TCSelectCity_DemoTests */,
				965C2CB71D0FA3DD00D49CCF /* TCSelectCity_DemoUITests */,
			);
		};
/* End PBXProject section */

/* Begin PBXResourcesBuildPhase section */
		965C2C921D0FA3DC00D49CCF /* Resources */ = {
			isa = PBXResourcesBuildPhase;
			buildActionMask = 2147483647;
			files = (
				965C2CA71D0FA3DD00D49CCF /* LaunchScreen.storyboard in Resources */,
				965C2CF11D0FA54F00D49CCF /* citydict.plist in Resources */,
				965C2CA41D0FA3DC00D49CCF /* Assets.xcassets in Resources */,
				965C2CA21D0FA3DC00D49CCF /* Main.storyboard in Resources */,
				965C2CD81D0FA40900D49CCF /* CityData.plist in Resources */,
				965C2CF01D0FA54F00D49CCF /* cancelBtn@2x.png in Resources */,
			);
			runOnlyForDeploymentPostprocessing = 0;
		};
		965C2CAB1D0FA3DD00D49CCF /* Resources */ = {
			isa = PBXResourcesBuildPhase;
			buildActionMask = 2147483647;
			files = (
			);
			runOnlyForDeploymentPostprocessing = 0;
		};
		965C2CB61D0FA3DD00D49CCF /* Resources */ = {
			isa = PBXResourcesBuildPhase;
			buildActionMask = 2147483647;
			files = (
			);
			runOnlyForDeploymentPostprocessing = 0;
		};
/* End PBXResourcesBuildPhase section */

/* Begin PBXSourcesBuildPhase section */
		965C2C901D0FA3DC00D49CCF /* Sources */ = {
			isa = PBXSourcesBuildPhase;
			buildActionMask = 2147483647;
			files = (
				965C2CDA1D0FA40900D49CCF /* TLCityGroupCell.m in Sources */,
				965C2CF61D0FA54F00D49CCF /* CustomSearchView.m in Sources */,
				965C2CD91D0FA40900D49CCF /* TLCity.m in Sources */,
				965C2CF51D0FA54F00D49CCF /* CityTableViewCell.m in Sources */,
				965C2CDC1D0FA40900D49CCF /* TLCityPickerController.m in Sources */,
				965C2CDB1D0FA40900D49CCF /* TLCityHeaderView.m in Sources */,
				965C2C9F1D0FA3DC00D49CCF /* ViewController.m in Sources */,
				965C2CF41D0FA54F00D49CCF /* CityModel.m in Sources */,
				965C2CF31D0FA54F00D49CCF /* ResultCityController.m in Sources */,
				965C2C9C1D0FA3DC00D49CCF /* AppDelegate.m in Sources */,
				965C2CF21D0FA54F00D49CCF /* CityViewController.m in Sources */,
				965C2CF71D0FA54F00D49CCF /* CustomTopView.m in Sources */,
				965C2C991D0FA3DC00D49CCF /* main.m in Sources */,
				965C2CDD1D0FA40900D49CCF /* TLCityPickerSearchResultController.m in Sources */,
			);
			runOnlyForDeploymentPostprocessing = 0;
		};
		965C2CA91D0FA3DD00D49CCF /* Sources */ = {
			isa = PBXSourcesBuildPhase;
			buildActionMask = 2147483647;
			files = (
				965C2CB21D0FA3DD00D49CCF /* TCSelectCity_DemoTests.m in Sources */,
			);
			runOnlyForDeploymentPostprocessing = 0;
		};
		965C2CB41D0FA3DD00D49CCF /* Sources */ = {
			isa = PBXSourcesBuildPhase;
			buildActionMask = 2147483647;
			files = (
				965C2CBD1D0FA3DD00D49CCF /* TCSelectCity_DemoUITests.m in Sources */,
			);
			runOnlyForDeploymentPostprocessing = 0;
		};
/* End PBXSourcesBuildPhase section */

/* Begin PBXTargetDependency section */
		965C2CAF1D0FA3DD00D49CCF /* PBXTargetDependency */ = {
			isa = PBXTargetDependency;
			target = 965C2C931D0FA3DC00D49CCF /* TCSelectCity_Demo */;
			targetProxy = 965C2CAE1D0FA3DD00D49CCF /* PBXContainerItemProxy */;
		};
		965C2CBA1D0FA3DD00D49CCF /* PBXTargetDependency */ = {
			isa = PBXTargetDependency;
			target = 965C2C931D0FA3DC00D49CCF /* TCSelectCity_Demo */;
			targetProxy = 965C2CB91D0FA3DD00D49CCF /* PBXContainerItemProxy */;
		};
/* End PBXTargetDependency section */

/* Begin PBXVariantGroup section */
		965C2CA01D0FA3DC00D49CCF /* Main.storyboard */ = {
			isa = PBXVariantGroup;
			children = (
				965C2CA11D0FA3DC00D49CCF /* Base */,
			);
			name = Main.storyboard;
			sourceTree = "<group>";
		};
		965C2CA51D0FA3DC00D49CCF /* LaunchScreen.storyboard */ = {
			isa = PBXVariantGroup;
			children = (
				965C2CA61D0FA3DC00D49CCF /* Base */,
			);
			name = LaunchScreen.storyboard;
			sourceTree = "<group>";
		};
/* End PBXVariantGroup section */

/* Begin XCBuildConfiguration section */
		965C2CBF1D0FA3DD00D49CCF /* Debug */ = {
			isa = XCBuildConfiguration;
			buildSettings = {
				ALWAYS_SEARCH_USER_PATHS = NO;
				CLANG_CXX_LANGUAGE_STANDARD = "gnu++0x";
				CLANG_CXX_LIBRARY = "libc++";
				CLANG_ENABLE_MODULES = YES;
				CLANG_ENABLE_OBJC_ARC = YES;
				CLANG_WARN_BOOL_CONVERSION = YES;
				CLANG_WARN_CONSTANT_CONVERSION = YES;
				CLANG_WARN_DIRECT_OBJC_ISA_USAGE = YES_ERROR;
				CLANG_WARN_EMPTY_BODY = YES;
				CLANG_WARN_ENUM_CONVERSION = YES;
				CLANG_WARN_INT_CONVERSION = YES;
				CLANG_WARN_OBJC_ROOT_CLASS = YES_ERROR;
				CLANG_WARN_UNREACHABLE_CODE = YES;
				CLANG_WARN__DUPLICATE_METHOD_MATCH = YES;
				"CODE_SIGN_IDENTITY[sdk=iphoneos*]" = "iPhone Developer";
				COPY_PHASE_STRIP = NO;
				DEBUG_INFORMATION_FORMAT = dwarf;
				ENABLE_STRICT_OBJC_MSGSEND = YES;
				ENABLE_TESTABILITY = YES;
				GCC_C_LANGUAGE_STANDARD = gnu99;
				GCC_DYNAMIC_NO_PIC = NO;
				GCC_NO_COMMON_BLOCKS = YES;
				GCC_OPTIMIZATION_LEVEL = 0;
				GCC_PREPROCESSOR_DEFINITIONS = (
					"DEBUG=1",
					"$(inherited)",
				);
				GCC_WARN_64_TO_32_BIT_CONVERSION = YES;
				GCC_WARN_ABOUT_RETURN_TYPE = YES_ERROR;
				GCC_WARN_UNDECLARED_SELECTOR = YES;
				GCC_WARN_UNINITIALIZED_AUTOS = YES_AGGRESSIVE;
				GCC_WARN_UNUSED_FUNCTION = YES;
				GCC_WARN_UNUSED_VARIABLE = YES;
				IPHONEOS_DEPLOYMENT_TARGET = 9.2;
				MTL_ENABLE_DEBUG_INFO = YES;
				ONLY_ACTIVE_ARCH = YES;
				SDKROOT = iphoneos;
				TARGETED_DEVICE_FAMILY = "1,2";
			};
			name = Debug;
		};
		965C2CC01D0FA3DD00D49CCF /* Release */ = {
			isa = XCBuildConfiguration;
			buildSettings = {
				ALWAYS_SEARCH_USER_PATHS = NO;
				CLANG_CXX_LANGUAGE_STANDARD = "gnu++0x";
				CLANG_CXX_LIBRARY = "libc++";
				CLANG_ENABLE_MODULES = YES;
				CLANG_ENABLE_OBJC_ARC = YES;
				CLANG_WARN_BOOL_CONVERSION = YES;
				CLANG_WARN_CONSTANT_CONVERSION = YES;
				CLANG_WARN_DIRECT_OBJC_ISA_USAGE = YES_ERROR;
				CLANG_WARN_EMPTY_BODY = YES;
				CLANG_WARN_ENUM_CONVERSION = YES;
				CLANG_WARN_INT_CONVERSION = YES;
				CLANG_WARN_OBJC_ROOT_CLASS = YES_ERROR;
				CLANG_WARN_UNREACHABLE_CODE = YES;
				CLANG_WARN__DUPLICATE_METHOD_MATCH = YES;
				"CODE_SIGN_IDENTITY[sdk=iphoneos*]" = "iPhone Developer";
				COPY_PHASE_STRIP = NO;
				DEBUG_INFORMATION_FORMAT = "dwarf-with-dsym";
				ENABLE_NS_ASSERTIONS = NO;
				ENABLE_STRICT_OBJC_MSGSEND = YES;
				GCC_C_LANGUAGE_STANDARD = gnu99;
				GCC_NO_COMMON_BLOCKS = YES;
				GCC_WARN_64_TO_32_BIT_CONVERSION = YES;
				GCC_WARN_ABOUT_RETURN_TYPE = YES_ERROR;
				GCC_WARN_UNDECLARED_SELECTOR = YES;
				GCC_WARN_UNINITIALIZED_AUTOS = YES_AGGRESSIVE;
				GCC_WARN_UNUSED_FUNCTION = YES;
				GCC_WARN_UNUSED_VARIABLE = YES;
				IPHONEOS_DEPLOYMENT_TARGET = 9.2;
				MTL_ENABLE_DEBUG_INFO = NO;
				SDKROOT = iphoneos;
				TARGETED_DEVICE_FAMILY = "1,2";
				VALIDATE_PRODUCT = YES;
			};
			name = Release;
		};
		965C2CC21D0FA3DD00D49CCF /* Debug */ = {
			isa = XCBuildConfiguration;
			buildSettings = {
				ASSETCATALOG_COMPILER_APPICON_NAME = AppIcon;
				INFOPLIST_FILE = TCSelectCity_Demo/Info.plist;
				LD_RUNPATH_SEARCH_PATHS = "$(inherited) @executable_path/Frameworks";
				PRODUCT_BUNDLE_IDENTIFIER = "com.TCBeta.TCSelectCity-Demo";
				PRODUCT_NAME = "$(TARGET_NAME)";
			};
			name = Debug;
		};
		965C2CC31D0FA3DD00D49CCF /* Release */ = {
			isa = XCBuildConfiguration;
			buildSettings = {
				ASSETCATALOG_COMPILER_APPICON_NAME = AppIcon;
				INFOPLIST_FILE = TCSelectCity_Demo/Info.plist;
				LD_RUNPATH_SEARCH_PATHS = "$(inherited) @executable_path/Frameworks";
				PRODUCT_BUNDLE_IDENTIFIER = "com.TCBeta.TCSelectCity-Demo";
				PRODUCT_NAME = "$(TARGET_NAME)";
			};
			name = Release;
		};
		965C2CC51D0FA3DD00D49CCF /* Debug */ = {
			isa = XCBuildConfiguration;
			buildSettings = {
				BUNDLE_LOADER = "$(TEST_HOST)";
				INFOPLIST_FILE = TCSelectCity_DemoTests/Info.plist;
				LD_RUNPATH_SEARCH_PATHS = "$(inherited) @executable_path/Frameworks @loader_path/Frameworks";
				PRODUCT_BUNDLE_IDENTIFIER = "com.TCBeta.TCSelectCity-DemoTests";
				PRODUCT_NAME = "$(TARGET_NAME)";
				TEST_HOST = "$(BUILT_PRODUCTS_DIR)/TCSelectCity_Demo.app/TCSelectCity_Demo";
			};
			name = Debug;
		};
		965C2CC61D0FA3DD00D49CCF /* Release */ = {
			isa = XCBuildConfiguration;
			buildSettings = {
				BUNDLE_LOADER = "$(TEST_HOST)";
				INFOPLIST_FILE = TCSelectCity_DemoTests/Info.plist;
				LD_RUNPATH_SEARCH_PATHS = "$(inherited) @executable_path/Frameworks @loader_path/Frameworks";
				PRODUCT_BUNDLE_IDENTIFIER = "com.TCBeta.TCSelectCity-DemoTests";
				PRODUCT_NAME = "$(TARGET_NAME)";
				TEST_HOST = "$(BUILT_PRODUCTS_DIR)/TCSelectCity_Demo.app/TCSelectCity_Demo";
			};
			name = Release;
		};
		965C2CC81D0FA3DD00D49CCF /* Debug */ = {
			isa = XCBuildConfiguration;
			buildSettings = {
				INFOPLIST_FILE = TCSelectCity_DemoUITests/Info.plist;
				LD_RUNPATH_SEARCH_PATHS = "$(inherited) @executable_path/Frameworks @loader_path/Frameworks";
				PRODUCT_BUNDLE_IDENTIFIER = "com.TCBeta.TCSelectCity-DemoUITests";
				PRODUCT_NAME = "$(TARGET_NAME)";
				TEST_TARGET_NAME = TCSelectCity_Demo;
				USES_XCTRUNNER = YES;
			};
			name = Debug;
		};
		965C2CC91D0FA3DD00D49CCF /* Release */ = {
			isa = XCBuildConfiguration;
			buildSettings = {
				INFOPLIST_FILE = TCSelectCity_DemoUITests/Info.plist;
				LD_RUNPATH_SEARCH_PATHS = "$(inherited) @executable_path/Frameworks @loader_path/Frameworks";
				PRODUCT_BUNDLE_IDENTIFIER = "com.TCBeta.TCSelectCity-DemoUITests";
				PRODUCT_NAME = "$(TARGET_NAME)";
				TEST_TARGET_NAME = TCSelectCity_Demo;
				USES_XCTRUNNER = YES;
			};
			name = Release;
		};
/* End XCBuildConfiguration section */

/* Begin XCConfigurationList section */
		965C2C8F1D0FA3DC00D49CCF /* Build configuration list for PBXProject "TCSelectCity_Demo" */ = {
			isa = XCConfigurationList;
			buildConfigurations = (
				965C2CBF1D0FA3DD00D49CCF /* Debug */,
				965C2CC01D0FA3DD00D49CCF /* Release */,
			);
			defaultConfigurationIsVisible = 0;
			defaultConfigurationName = Release;
		};
		965C2CC11D0FA3DD00D49CCF /* Build configuration list for PBXNativeTarget "TCSelectCity_Demo" */ = {
			isa = XCConfigurationList;
			buildConfigurations = (
				965C2CC21D0FA3DD00D49CCF /* Debug */,
				965C2CC31D0FA3DD00D49CCF /* Release */,
			);
			defaultConfigurationIsVisible = 0;
		};
		965C2CC41D0FA3DD00D49CCF /* Build configuration list for PBXNativeTarget "TCSelectCity_DemoTests" */ = {
			isa = XCConfigurationList;
			buildConfigurations = (
				965C2CC51D0FA3DD00D49CCF /* Debug */,
				965C2CC61D0FA3DD00D49CCF /* Release */,
			);
			defaultConfigurationIsVisible = 0;
		};
		965C2CC71D0FA3DD00D49CCF /* Build configuration list for PBXNativeTarget "TCSelectCity_DemoUITests" */ = {
			isa = XCConfigurationList;
			buildConfigurations = (
				965C2CC81D0FA3DD00D49CCF /* Debug */,
				965C2CC91D0FA3DD00D49CCF /* Release */,
			);
			defaultConfigurationIsVisible = 0;
		};
/* End XCConfigurationList section */
	};
	rootObject = 965C2C8C1D0FA3DC00D49CCF /* Project object */;
}
