// !$*UTF8*$!
{
	archiveVersion = 1;
	classes = {
	};
	objectVersion = 46;
	objects = {

/* Begin PBXBuildFile section */
		960654111CFEE152000B3ECE /* ViewController04.m in Sources */ = {isa = PBXBuildFile; fileRef = 9606540F1CFEE152000B3ECE /* ViewController04.m */; };
		960654121CFEE152000B3ECE /* ViewController04.xib in Resources */ = {isa = PBXBuildFile; fileRef = 960654101CFEE152000B3ECE /* ViewController04.xib */; };
		960654151CFEE469000B3ECE /* ViewController05.m in Sources */ = {isa = PBXBuildFile; fileRef = 960654141CFEE469000B3ECE /* ViewController05.m */; };
		9625ECDA1CFE72F400F10793 /* main.m in Sources */ = {isa = PBXBuildFile; fileRef = 9625ECD91CFE72F400F10793 /* main.m */; };
		9625ECDD1CFE72F400F10793 /* AppDelegate.m in Sources */ = {isa = PBXBuildFile; fileRef = 9625ECDC1CFE72F400F10793 /* AppDelegate.m */; };
		9625ECE31CFE72F400F10793 /* Main.storyboard in Resources */ = {isa = PBXBuildFile; fileRef = 9625ECE11CFE72F400F10793 /* Main.storyboard */; };
		9625ECE51CFE72F400F10793 /* Assets.xcassets in Resources */ = {isa = PBXBuildFile; fileRef = 9625ECE41CFE72F400F10793 /* Assets.xcassets */; };
		9625ECE81CFE72F400F10793 /* LaunchScreen.storyboard in Resources */ = {isa = PBXBuildFile; fileRef = 9625ECE61CFE72F400F10793 /* LaunchScreen.storyboard */; };
		9625ECF31CFE72F500F10793 /* iOSCoreAnimationDemoTests.m in Sources */ = {isa = PBXBuildFile; fileRef = 9625ECF21CFE72F500F10793 /* iOSCoreAnimationDemoTests.m */; };
		9625ECFE1CFE72F500F10793 /* iOSCoreAnimationDemoUITests.m in Sources */ = {isa = PBXBuildFile; fileRef = 9625ECFD1CFE72F500F10793 /* iOSCoreAnimationDemoUITests.m */; };
		9625ED0D1CFE751D00F10793 /* tableViewController.m in Sources */ = {isa = PBXBuildFile; fileRef = 9625ED0C1CFE751D00F10793 /* tableViewController.m */; };
		9625ED131CFE75ED00F10793 /* ChaptList.plist in Resources */ = {isa = PBXBuildFile; fileRef = 9625ED121CFE75ED00F10793 /* ChaptList.plist */; };
		9625ED191CFE7FB900F10793 /* ViewController01.m in Sources */ = {isa = PBXBuildFile; fileRef = 9625ED181CFE7FB900F10793 /* ViewController01.m */; };
		9625ED1C1CFE7FDA00F10793 /* ViewController02.m in Sources */ = {isa = PBXBuildFile; fileRef = 9625ED1B1CFE7FDA00F10793 /* ViewController02.m */; };
		9625ED3C1CFE874C00F10793 /* Info.plist in Resources */ = {isa = PBXBuildFile; fileRef = 9625ED221CFE874C00F10793 /* Info.plist */; };
		9625ED3D1CFE874C00F10793 /* MASCompositeConstraint.m in Sources */ = {isa = PBXBuildFile; fileRef = 9625ED241CFE874C00F10793 /* MASCompositeConstraint.m */; };
		9625ED3E1CFE874C00F10793 /* MASConstraint.m in Sources */ = {isa = PBXBuildFile; fileRef = 9625ED271CFE874C00F10793 /* MASConstraint.m */; };
		9625ED3F1CFE874C00F10793 /* MASConstraintMaker.m in Sources */ = {isa = PBXBuildFile; fileRef = 9625ED291CFE874C00F10793 /* MASConstraintMaker.m */; };
		9625ED401CFE874C00F10793 /* MASLayoutConstraint.m in Sources */ = {isa = PBXBuildFile; fileRef = 9625ED2B1CFE874C00F10793 /* MASLayoutConstraint.m */; };
		9625ED411CFE874C00F10793 /* MASViewAttribute.m in Sources */ = {isa = PBXBuildFile; fileRef = 9625ED2F1CFE874C00F10793 /* MASViewAttribute.m */; };
		9625ED421CFE874C00F10793 /* MASViewConstraint.m in Sources */ = {isa = PBXBuildFile; fileRef = 9625ED311CFE874C00F10793 /* MASViewConstraint.m */; };
		9625ED431CFE874C00F10793 /* NSArray+MASAdditions.m in Sources */ = {isa = PBXBuildFile; fileRef = 9625ED331CFE874C00F10793 /* NSArray+MASAdditions.m */; };
		9625ED441CFE874C00F10793 /* NSLayoutConstraint+MASDebugAdditions.m in Sources */ = {isa = PBXBuildFile; fileRef = 9625ED361CFE874C00F10793 /* NSLayoutConstraint+MASDebugAdditions.m */; };
		9625ED451CFE874C00F10793 /* View+MASAdditions.m in Sources */ = {isa = PBXBuildFile; fileRef = 9625ED381CFE874C00F10793 /* View+MASAdditions.m */; };
		9625ED461CFE874C00F10793 /* ViewController+MASAdditions.m in Sources */ = {isa = PBXBuildFile; fileRef = 9625ED3B1CFE874C00F10793 /* ViewController+MASAdditions.m */; };
		9625ED4C1CFEA92800F10793 /* ViewController03.m in Sources */ = {isa = PBXBuildFile; fileRef = 9625ED4B1CFEA92800F10793 /* ViewController03.m */; };
/* End PBXBuildFile section */

/* Begin PBXContainerItemProxy section */
		9625ECEF1CFE72F500F10793 /* PBXContainerItemProxy */ = {
			isa = PBXContainerItemProxy;
			containerPortal = 9625ECCD1CFE72F400F10793 /* Project object */;
			proxyType = 1;
			remoteGlobalIDString = 9625ECD41CFE72F400F10793;
			remoteInfo = iOSCoreAnimationDemo;
		};
		9625ECFA1CFE72F500F10793 /* PBXContainerItemProxy */ = {
			isa = PBXContainerItemProxy;
			containerPortal = 9625ECCD1CFE72F400F10793 /* Project object */;
			proxyType = 1;
			remoteGlobalIDString = 9625ECD41CFE72F400F10793;
			remoteInfo = iOSCoreAnimationDemo;
		};
/* End PBXContainerItemProxy section */

/* Begin PBXFileReference section */
		9606540E1CFEE152000B3ECE /* ViewController04.h */ = {isa = PBXFileReference; fileEncoding = 4; lastKnownFileType = sourcecode.c.h; path = ViewController04.h; sourceTree = "<group>"; };
		9606540F1CFEE152000B3ECE /* ViewController04.m */ = {isa = PBXFileReference; fileEncoding = 4; lastKnownFileType = sourcecode.c.objc; path = ViewController04.m; sourceTree = "<group>"; };
		960654101CFEE152000B3ECE /* ViewController04.xib */ = {isa = PBXFileReference; fileEncoding = 4; lastKnownFileType = file.xib; path = ViewController04.xib; sourceTree = "<group>"; };
		960654131CFEE469000B3ECE /* ViewController05.h */ = {isa = PBXFileReference; fileEncoding = 4; lastKnownFileType = sourcecode.c.h; path = ViewController05.h; sourceTree = "<group>"; };
		960654141CFEE469000B3ECE /* ViewController05.m */ = {isa = PBXFileReference; fileEncoding = 4; lastKnownFileType = sourcecode.c.objc; path = ViewController05.m; sourceTree = "<group>"; };
		9625ECD51CFE72F400F10793 /* iOSCoreAnimationDemo.app */ = {isa = PBXFileReference; explicitFileType = wrapper.application; includeInIndex = 0; path = iOSCoreAnimationDemo.app; sourceTree = BUILT_PRODUCTS_DIR; };
		9625ECD91CFE72F400F10793 /* main.m */ = {isa = PBXFileReference; lastKnownFileType = sourcecode.c.objc; path = main.m; sourceTree = "<group>"; };
		9625ECDB1CFE72F400F10793 /* AppDelegate.h */ = {isa = PBXFileReference; lastKnownFileType = sourcecode.c.h; path = AppDelegate.h; sourceTree = "<group>"; };
		9625ECDC1CFE72F400F10793 /* AppDelegate.m */ = {isa = PBXFileReference; lastKnownFileType = sourcecode.c.objc; path = AppDelegate.m; sourceTree = "<group>"; };
		9625ECE21CFE72F400F10793 /* Base */ = {isa = PBXFileReference; lastKnownFileType = file.storyboard; name = Base; path = Base.lproj/Main.storyboard; sourceTree = "<group>"; };
		9625ECE41CFE72F400F10793 /* Assets.xcassets */ = {isa = PBXFileReference; lastKnownFileType = folder.assetcatalog; path = Assets.xcassets; sourceTree = "<group>"; };
		9625ECE71CFE72F400F10793 /* Base */ = {isa = PBXFileReference; lastKnownFileType = file.storyboard; name = Base; path = Base.lproj/LaunchScreen.storyboard; sourceTree = "<group>"; };
		9625ECE91CFE72F400F10793 /* Info.plist */ = {isa = PBXFileReference; lastKnownFileType = text.plist.xml; path = Info.plist; sourceTree = "<group>"; };
		9625ECEE1CFE72F500F10793 /* iOSCoreAnimationDemoTests.xctest */ = {isa = PBXFileReference; explicitFileType = wrapper.cfbundle; includeInIndex = 0; path = iOSCoreAnimationDemoTests.xctest; sourceTree = BUILT_PRODUCTS_DIR; };
		9625ECF21CFE72F500F10793 /* iOSCoreAnimationDemoTests.m */ = {isa = PBXFileReference; lastKnownFileType = sourcecode.c.objc; path = iOSCoreAnimationDemoTests.m; sourceTree = "<group>"; };
		9625ECF41CFE72F500F10793 /* Info.plist */ = {isa = PBXFileReference; lastKnownFileType = text.plist.xml; path = Info.plist; sourceTree = "<group>"; };
		9625ECF91CFE72F500F10793 /* iOSCoreAnimationDemoUITests.xctest */ = {isa = PBXFileReference; explicitFileType = wrapper.cfbundle; includeInIndex = 0; path = iOSCoreAnimationDemoUITests.xctest; sourceTree = BUILT_PRODUCTS_DIR; };
		9625ECFD1CFE72F500F10793 /* iOSCoreAnimationDemoUITests.m */ = {isa = PBXFileReference; lastKnownFileType = sourcecode.c.objc; path = iOSCoreAnimationDemoUITests.m; sourceTree = "<group>"; };
		9625ECFF1CFE72F500F10793 /* Info.plist */ = {isa = PBXFileReference; lastKnownFileType = text.plist.xml; path = Info.plist; sourceTree = "<group>"; };
		9625ED0B1CFE751D00F10793 /* tableViewController.h */ = {isa = PBXFileReference; fileEncoding = 4; lastKnownFileType = sourcecode.c.h; path = tableViewController.h; sourceTree = "<group>"; };
		9625ED0C1CFE751D00F10793 /* tableViewController.m */ = {isa = PBXFileReference; fileEncoding = 4; lastKnownFileType = sourcecode.c.objc; path = tableViewController.m; sourceTree = "<group>"; };
		9625ED121CFE75ED00F10793 /* ChaptList.plist */ = {isa = PBXFileReference; fileEncoding = 4; lastKnownFileType = text.plist.xml; path = ChaptList.plist; sourceTree = "<group>"; };
		9625ED171CFE7FB900F10793 /* ViewController01.h */ = {isa = PBXFileReference; fileEncoding = 4; lastKnownFileType = sourcecode.c.h; path = ViewController01.h; sourceTree = "<group>"; };
		9625ED181CFE7FB900F10793 /* ViewController01.m */ = {isa = PBXFileReference; fileEncoding = 4; lastKnownFileType = sourcecode.c.objc; path = ViewController01.m; sourceTree = "<group>"; };
		9625ED1A1CFE7FDA00F10793 /* ViewController02.h */ = {isa = PBXFileReference; fileEncoding = 4; lastKnownFileType = sourcecode.c.h; path = ViewController02.h; sourceTree = "<group>"; };
		9625ED1B1CFE7FDA00F10793 /* ViewController02.m */ = {isa = PBXFileReference; fileEncoding = 4; lastKnownFileType = sourcecode.c.objc; path = ViewController02.m; sourceTree = "<group>"; };
		9625ED221CFE874C00F10793 /* Info.plist */ = {isa = PBXFileReference; fileEncoding = 4; lastKnownFileType = text.plist.xml; path = Info.plist; sourceTree = "<group>"; };
		9625ED231CFE874C00F10793 /* MASCompositeConstraint.h */ = {isa = PBXFileReference; fileEncoding = 4; lastKnownFileType = sourcecode.c.h; path = MASCompositeConstraint.h; sourceTree = "<group>"; };
		9625ED241CFE874C00F10793 /* MASCompositeConstraint.m */ = {isa = PBXFileReference; fileEncoding = 4; lastKnownFileType = sourcecode.c.objc; path = MASCompositeConstraint.m; sourceTree = "<group>"; };
		9625ED251CFE874C00F10793 /* MASConstraint+Private.h */ = {isa = PBXFileReference; fileEncoding = 4; lastKnownFileType = sourcecode.c.h; path = "MASConstraint+Private.h"; sourceTree = "<group>"; };
		9625ED261CFE874C00F10793 /* MASConstraint.h */ = {isa = PBXFileReference; fileEncoding = 4; lastKnownFileType = sourcecode.c.h; path = MASConstraint.h; sourceTree = "<group>"; };
		9625ED271CFE874C00F10793 /* MASConstraint.m */ = {isa = PBXFileReference; fileEncoding = 4; lastKnownFileType = sourcecode.c.objc; path = MASConstraint.m; sourceTree = "<group>"; };
		9625ED281CFE874C00F10793 /* MASConstraintMaker.h */ = {isa = PBXFileReference; fileEncoding = 4; lastKnownFileType = sourcecode.c.h; path = MASConstraintMaker.h; sourceTree = "<group>"; };
		9625ED291CFE874C00F10793 /* MASConstraintMaker.m */ = {isa = PBXFileReference; fileEncoding = 4; lastKnownFileType = sourcecode.c.objc; path = MASConstraintMaker.m; sourceTree = "<group>"; };
		9625ED2A1CFE874C00F10793 /* MASLayoutConstraint.h */ = {isa = PBXFileReference; fileEncoding = 4; lastKnownFileType = sourcecode.c.h; path = MASLayoutConstraint.h; sourceTree = "<group>"; };
		9625ED2B1CFE874C00F10793 /* MASLayoutConstraint.m */ = {isa = PBXFileReference; fileEncoding = 4; lastKnownFileType = sourcecode.c.objc; path = MASLayoutConstraint.m; sourceTree = "<group>"; };
		9625ED2C1CFE874C00F10793 /* Masonry.h */ = {isa = PBXFileReference; fileEncoding = 4; lastKnownFileType = sourcecode.c.h; path = Masonry.h; sourceTree = "<group>"; };
		9625ED2D1CFE874C00F10793 /* MASUtilities.h */ = {isa = PBXFileReference; fileEncoding = 4; lastKnownFileType = sourcecode.c.h; path = MASUtilities.h; sourceTree = "<group>"; };
		9625ED2E1CFE874C00F10793 /* MASViewAttribute.h */ = {isa = PBXFileReference; fileEncoding = 4; lastKnownFileType = sourcecode.c.h; path = MASViewAttribute.h; sourceTree = "<group>"; };
		9625ED2F1CFE874C00F10793 /* MASViewAttribute.m */ = {isa = PBXFileReference; fileEncoding = 4; lastKnownFileType = sourcecode.c.objc; path = MASViewAttribute.m; sourceTree = "<group>"; };
		9625ED301CFE874C00F10793 /* MASViewConstraint.h */ = {isa = PBXFileReference; fileEncoding = 4; lastKnownFileType = sourcecode.c.h; path = MASViewConstraint.h; sourceTree = "<group>"; };
		9625ED311CFE874C00F10793 /* MASViewConstraint.m */ = {isa = PBXFileReference; fileEncoding = 4; lastKnownFileType = sourcecode.c.objc; path = MASViewConstraint.m; sourceTree = "<group>"; };
		9625ED321CFE874C00F10793 /* NSArray+MASAdditions.h */ = {isa = PBXFileReference; fileEncoding = 4; lastKnownFileType = sourcecode.c.h; path = "NSArray+MASAdditions.h"; sourceTree = "<group>"; };
		9625ED331CFE874C00F10793 /* NSArray+MASAdditions.m */ = {isa = PBXFileReference; fileEncoding = 4; lastKnownFileType = sourcecode.c.objc; path = "NSArray+MASAdditions.m"; sourceTree = "<group>"; };
		9625ED341CFE874C00F10793 /* NSArray+MASShorthandAdditions.h */ = {isa = PBXFileReference; fileEncoding = 4; lastKnownFileType = sourcecode.c.h; path = "NSArray+MASShorthandAdditions.h"; sourceTree = "<group>"; };
		9625ED351CFE874C00F10793 /* NSLayoutConstraint+MASDebugAdditions.h */ = {isa = PBXFileReference; fileEncoding = 4; lastKnownFileType = sourcecode.c.h; path = "NSLayoutConstraint+MASDebugAdditions.h"; sourceTree = "<group>"; };
		9625ED361CFE874C00F10793 /* NSLayoutConstraint+MASDebugAdditions.m */ = {isa = PBXFileReference; fileEncoding = 4; lastKnownFileType = sourcecode.c.objc; path = "NSLayoutConstraint+MASDebugAdditions.m"; sourceTree = "<group>"; };
		9625ED371CFE874C00F10793 /* View+MASAdditions.h */ = {isa = PBXFileReference; fileEncoding = 4; lastKnownFileType = sourcecode.c.h; path = "View+MASAdditions.h"; sourceTree = "<group>"; };
		9625ED381CFE874C00F10793 /* View+MASAdditions.m */ = {isa = PBXFileReference; fileEncoding = 4; lastKnownFileType = sourcecode.c.objc; path = "View+MASAdditions.m"; sourceTree = "<group>"; };
		9625ED391CFE874C00F10793 /* View+MASShorthandAdditions.h */ = {isa = PBXFileReference; fileEncoding = 4; lastKnownFileType = sourcecode.c.h; path = "View+MASShorthandAdditions.h"; sourceTree = "<group>"; };
		9625ED3A1CFE874C00F10793 /* ViewController+MASAdditions.h */ = {isa = PBXFileReference; fileEncoding = 4; lastKnownFileType = sourcecode.c.h; path = "ViewController+MASAdditions.h"; sourceTree = "<group>"; };
		9625ED3B1CFE874C00F10793 /* ViewController+MASAdditions.m */ = {isa = PBXFileReference; fileEncoding = 4; lastKnownFileType = sourcecode.c.objc; path = "ViewController+MASAdditions.m"; sourceTree = "<group>"; };
		9625ED4A1CFEA92800F10793 /* ViewController03.h */ = {isa = PBXFileReference; fileEncoding = 4; lastKnownFileType = sourcecode.c.h; path = ViewController03.h; sourceTree = "<group>"; };
		9625ED4B1CFEA92800F10793 /* ViewController03.m */ = {isa = PBXFileReference; fileEncoding = 4; lastKnownFileType = sourcecode.c.objc; path = ViewController03.m; sourceTree = "<group>"; };
/* End PBXFileReference section */

/* Begin PBXFrameworksBuildPhase section */
		9625ECD21CFE72F400F10793 /* Frameworks */ = {
			isa = PBXFrameworksBuildPhase;
			buildActionMask = 2147483647;
			files = (
			);
			runOnlyForDeploymentPostprocessing = 0;
		};
		9625ECEB1CFE72F500F10793 /* Frameworks */ = {
			isa = PBXFrameworksBuildPhase;
			buildActionMask = 2147483647;
			files = (
			);
			runOnlyForDeploymentPostprocessing = 0;
		};
		9625ECF61CFE72F500F10793 /* Frameworks */ = {
			isa = PBXFrameworksBuildPhase;
			buildActionMask = 2147483647;
			files = (
			);
			runOnlyForDeploymentPostprocessing = 0;
		};
/* End PBXFrameworksBuildPhase section */

/* Begin PBXGroup section */
		9625ECCC1CFE72F400F10793 = {
			isa = PBXGroup;
			children = (
				9625ECD71CFE72F400F10793 /* iOSCoreAnimationDemo */,
				9625ECF11CFE72F500F10793 /* iOSCoreAnimationDemoTests */,
				9625ECFC1CFE72F500F10793 /* iOSCoreAnimationDemoUITests */,
				9625ECD61CFE72F400F10793 /* Products */,
			);
			sourceTree = "<group>";
		};
		9625ECD61CFE72F400F10793 /* Products */ = {
			isa = PBXGroup;
			children = (
				9625ECD51CFE72F400F10793 /* iOSCoreAnimationDemo.app */,
				9625ECEE1CFE72F500F10793 /* iOSCoreAnimationDemoTests.xctest */,
				9625ECF91CFE72F500F10793 /* iOSCoreAnimationDemoUITests.xctest */,
			);
			name = Products;
			sourceTree = "<group>";
		};
		9625ECD71CFE72F400F10793 /* iOSCoreAnimationDemo */ = {
			isa = PBXGroup;
			children = (
				9625ED211CFE874C00F10793 /* Masonry */,
				9625ED0E1CFE752600F10793 /* Classes */,
				9625ECDB1CFE72F400F10793 /* AppDelegate.h */,
				9625ECDC1CFE72F400F10793 /* AppDelegate.m */,
				9625ED121CFE75ED00F10793 /* ChaptList.plist */,
				9625ED0B1CFE751D00F10793 /* tableViewController.h */,
				9625ED0C1CFE751D00F10793 /* tableViewController.m */,
				9625ECE11CFE72F400F10793 /* Main.storyboard */,
				9625ECE41CFE72F400F10793 /* Assets.xcassets */,
				9625ECE61CFE72F400F10793 /* LaunchScreen.storyboard */,
				9625ECE91CFE72F400F10793 /* Info.plist */,
				9625ECD81CFE72F400F10793 /* Supporting Files */,
			);
			path = iOSCoreAnimationDemo;
			sourceTree = "<group>";
		};
		9625ECD81CFE72F400F10793 /* Supporting Files */ = {
			isa = PBXGroup;
			children = (
				9625ECD91CFE72F400F10793 /* main.m */,
			);
			name = "Supporting Files";
			sourceTree = "<group>";
		};
		9625ECF11CFE72F500F10793 /* iOSCoreAnimationDemoTests */ = {
			isa = PBXGroup;
			children = (
				9625ECF21CFE72F500F10793 /* iOSCoreAnimationDemoTests.m */,
				9625ECF41CFE72F500F10793 /* Info.plist */,
			);
			path = iOSCoreAnimationDemoTests;
			sourceTree = "<group>";
		};
		9625ECFC1CFE72F500F10793 /* iOSCoreAnimationDemoUITests */ = {
			isa = PBXGroup;
			children = (
				9625ECFD1CFE72F500F10793 /* iOSCoreAnimationDemoUITests.m */,
				9625ECFF1CFE72F500F10793 /* Info.plist */,
			);
			path = iOSCoreAnimationDemoUITests;
			sourceTree = "<group>";
		};
		9625ED0E1CFE752600F10793 /* Classes */ = {
			isa = PBXGroup;
			children = (
				9625ED201CFE866000F10793 /* Chapter02 */,
				9625ED0F1CFE752E00F10793 /* Chapter01 */,
			);
			name = Classes;
			sourceTree = "<group>";
		};
		9625ED0F1CFE752E00F10793 /* Chapter01 */ = {
			isa = PBXGroup;
			children = (
				9625ED171CFE7FB900F10793 /* ViewController01.h */,
				9625ED181CFE7FB900F10793 /* ViewController01.m */,
			);
			name = Chapter01;
			sourceTree = "<group>";
		};
		9625ED201CFE866000F10793 /* Chapter02 */ = {
			isa = PBXGroup;
			children = (
				9625ED1A1CFE7FDA00F10793 /* ViewController02.h */,
				9625ED1B1CFE7FDA00F10793 /* ViewController02.m */,
				9625ED4A1CFEA92800F10793 /* ViewController03.h */,
				9625ED4B1CFEA92800F10793 /* ViewController03.m */,
				9606540E1CFEE152000B3ECE /* ViewController04.h */,
				9606540F1CFEE152000B3ECE /* ViewController04.m */,
				960654101CFEE152000B3ECE /* ViewController04.xib */,
				960654131CFEE469000B3ECE /* ViewController05.h */,
				960654141CFEE469000B3ECE /* ViewController05.m */,
			);
			name = Chapter02;
			sourceTree = "<group>";
		};
		9625ED211CFE874C00F10793 /* Masonry */ = {
			isa = PBXGroup;
			children = (
				9625ED221CFE874C00F10793 /* Info.plist */,
				9625ED231CFE874C00F10793 /* MASCompositeConstraint.h */,
				9625ED241CFE874C00F10793 /* MASCompositeConstraint.m */,
				9625ED251CFE874C00F10793 /* MASConstraint+Private.h */,
				9625ED261CFE874C00F10793 /* MASConstraint.h */,
				9625ED271CFE874C00F10793 /* MASConstraint.m */,
				9625ED281CFE874C00F10793 /* MASConstraintMaker.h */,
				9625ED291CFE874C00F10793 /* MASConstraintMaker.m */,
				9625ED2A1CFE874C00F10793 /* MASLayoutConstraint.h */,
				9625ED2B1CFE874C00F10793 /* MASLayoutConstraint.m */,
				9625ED2C1CFE874C00F10793 /* Masonry.h */,
				9625ED2D1CFE874C00F10793 /* MASUtilities.h */,
				9625ED2E1CFE874C00F10793 /* MASViewAttribute.h */,
				9625ED2F1CFE874C00F10793 /* MASViewAttribute.m */,
				9625ED301CFE874C00F10793 /* MASViewConstraint.h */,
				9625ED311CFE874C00F10793 /* MASViewConstraint.m */,
				9625ED321CFE874C00F10793 /* NSArray+MASAdditions.h */,
				9625ED331CFE874C00F10793 /* NSArray+MASAdditions.m */,
				9625ED341CFE874C00F10793 /* NSArray+MASShorthandAdditions.h */,
				9625ED351CFE874C00F10793 /* NSLayoutConstraint+MASDebugAdditions.h */,
				9625ED361CFE874C00F10793 /* NSLayoutConstraint+MASDebugAdditions.m */,
				9625ED371CFE874C00F10793 /* View+MASAdditions.h */,
				9625ED381CFE874C00F10793 /* View+MASAdditions.m */,
				9625ED391CFE874C00F10793 /* View+MASShorthandAdditions.h */,
				9625ED3A1CFE874C00F10793 /* ViewController+MASAdditions.h */,
				9625ED3B1CFE874C00F10793 /* ViewController+MASAdditions.m */,
			);
			path = Masonry;
			sourceTree = "<group>";
		};
/* End PBXGroup section */

/* Begin PBXNativeTarget section */
		9625ECD41CFE72F400F10793 /* iOSCoreAnimationDemo */ = {
			isa = PBXNativeTarget;
			buildConfigurationList = 9625ED021CFE72F500F10793 /* Build configuration list for PBXNativeTarget "iOSCoreAnimationDemo" */;
			buildPhases = (
				9625ECD11CFE72F400F10793 /* Sources */,
				9625ECD21CFE72F400F10793 /* Frameworks */,
				9625ECD31CFE72F400F10793 /* Resources */,
			);
			buildRules = (
			);
			dependencies = (
			);
			name = iOSCoreAnimationDemo;
			productName = iOSCoreAnimationDemo;
			productReference = 9625ECD51CFE72F400F10793 /* iOSCoreAnimationDemo.app */;
			productType = "com.apple.product-type.application";
		};
		9625ECED1CFE72F500F10793 /* iOSCoreAnimationDemoTests */ = {
			isa = PBXNativeTarget;
			buildConfigurationList = 9625ED051CFE72F500F10793 /* Build configuration list for PBXNativeTarget "iOSCoreAnimationDemoTests" */;
			buildPhases = (
				9625ECEA1CFE72F500F10793 /* Sources */,
				9625ECEB1CFE72F500F10793 /* Frameworks */,
				9625ECEC1CFE72F500F10793 /* Resources */,
			);
			buildRules = (
			);
			dependencies = (
				9625ECF01CFE72F500F10793 /* PBXTargetDependency */,
			);
			name = iOSCoreAnimationDemoTests;
			productName = iOSCoreAnimationDemoTests;
			productReference = 9625ECEE1CFE72F500F10793 /* iOSCoreAnimationDemoTests.xctest */;
			productType = "com.apple.product-type.bundle.unit-test";
		};
		9625ECF81CFE72F500F10793 /* iOSCoreAnimationDemoUITests */ = {
			isa = PBXNativeTarget;
			buildConfigurationList = 9625ED081CFE72F500F10793 /* Build configuration list for PBXNativeTarget "iOSCoreAnimationDemoUITests" */;
			buildPhases = (
				9625ECF51CFE72F500F10793 /* Sources */,
				9625ECF61CFE72F500F10793 /* Frameworks */,
				9625ECF71CFE72F500F10793 /* Resources */,
			);
			buildRules = (
			);
			dependencies = (
				9625ECFB1CFE72F500F10793 /* PBXTargetDependency */,
			);
			name = iOSCoreAnimationDemoUITests;
			productName = iOSCoreAnimationDemoUITests;
			productReference = 9625ECF91CFE72F500F10793 /* iOSCoreAnimationDemoUITests.xctest */;
			productType = "com.apple.product-type.bundle.ui-testing";
		};
/* End PBXNativeTarget section */

/* Begin PBXProject section */
		9625ECCD1CFE72F400F10793 /* Project object */ = {
			isa = PBXProject;
			attributes = {
				LastUpgradeCheck = 0720;
				ORGANIZATIONNAME = TailC;
				TargetAttributes = {
					9625ECD41CFE72F400F10793 = {
						CreatedOnToolsVersion = 7.2;
					};
					9625ECED1CFE72F500F10793 = {
						CreatedOnToolsVersion = 7.2;
						TestTargetID = 9625ECD41CFE72F400F10793;
					};
					9625ECF81CFE72F500F10793 = {
						CreatedOnToolsVersion = 7.2;
						TestTargetID = 9625ECD41CFE72F400F10793;
					};
				};
			};
			buildConfigurationList = 9625ECD01CFE72F400F10793 /* Build configuration list for PBXProject "iOSCoreAnimationDemo" */;
			compatibilityVersion = "Xcode 3.2";
			developmentRegion = English;
			hasScannedForEncodings = 0;
			knownRegions = (
				en,
				Base,
			);
			mainGroup = 9625ECCC1CFE72F400F10793;
			productRefGroup = 9625ECD61CFE72F400F10793 /* Products */;
			projectDirPath = "";
			projectRoot = "";
			targets = (
				9625ECD41CFE72F400F10793 /* iOSCoreAnimationDemo */,
				9625ECED1CFE72F500F10793 /* iOSCoreAnimationDemoTests */,
				9625ECF81CFE72F500F10793 /* iOSCoreAnimationDemoUITests */,
			);
		};
/* End PBXProject section */

/* Begin PBXResourcesBuildPhase section */
		9625ECD31CFE72F400F10793 /* Resources */ = {
			isa = PBXResourcesBuildPhase;
			buildActionMask = 2147483647;
			files = (
				9625ECE81CFE72F400F10793 /* LaunchScreen.storyboard in Resources */,
				9625ED131CFE75ED00F10793 /* ChaptList.plist in Resources */,
				960654121CFEE152000B3ECE /* ViewController04.xib in Resources */,
				9625ECE51CFE72F400F10793 /* Assets.xcassets in Resources */,
				9625ED3C1CFE874C00F10793 /* Info.plist in Resources */,
				9625ECE31CFE72F400F10793 /* Main.storyboard in Resources */,
			);
			runOnlyForDeploymentPostprocessing = 0;
		};
		9625ECEC1CFE72F500F10793 /* Resources */ = {
			isa = PBXResourcesBuildPhase;
			buildActionMask = 2147483647;
			files = (
			);
			runOnlyForDeploymentPostprocessing = 0;
		};
		9625ECF71CFE72F500F10793 /* Resources */ = {
			isa = PBXResourcesBuildPhase;
			buildActionMask = 2147483647;
			files = (
			);
			runOnlyForDeploymentPostprocessing = 0;
		};
/* End PBXResourcesBuildPhase section */

/* Begin PBXSourcesBuildPhase section */
		9625ECD11CFE72F400F10793 /* Sources */ = {
			isa = PBXSourcesBuildPhase;
			buildActionMask = 2147483647;
			files = (
				9625ED441CFE874C00F10793 /* NSLayoutConstraint+MASDebugAdditions.m in Sources */,
				9625ED1C1CFE7FDA00F10793 /* ViewController02.m in Sources */,
				9625ED421CFE874C00F10793 /* MASViewConstraint.m in Sources */,
				960654151CFEE469000B3ECE /* ViewController05.m in Sources */,
				9625ED0D1CFE751D00F10793 /* tableViewController.m in Sources */,
				9625ED191CFE7FB900F10793 /* ViewController01.m in Sources */,
				960654111CFEE152000B3ECE /* ViewController04.m in Sources */,
				9625ECDD1CFE72F400F10793 /* AppDelegate.m in Sources */,
				9625ED451CFE874C00F10793 /* View+MASAdditions.m in Sources */,
				9625ED3D1CFE874C00F10793 /* MASCompositeConstraint.m in Sources */,
				9625ED411CFE874C00F10793 /* MASViewAttribute.m in Sources */,
				9625ED3F1CFE874C00F10793 /* MASConstraintMaker.m in Sources */,
				9625ED431CFE874C00F10793 /* NSArray+MASAdditions.m in Sources */,
				9625ED461CFE874C00F10793 /* ViewController+MASAdditions.m in Sources */,
				9625ED3E1CFE874C00F10793 /* MASConstraint.m in Sources */,
				9625ED401CFE874C00F10793 /* MASLayoutConstraint.m in Sources */,
				9625ECDA1CFE72F400F10793 /* main.m in Sources */,
				9625ED4C1CFEA92800F10793 /* ViewController03.m in Sources */,
			);
			runOnlyForDeploymentPostprocessing = 0;
		};
		9625ECEA1CFE72F500F10793 /* Sources */ = {
			isa = PBXSourcesBuildPhase;
			buildActionMask = 2147483647;
			files = (
				9625ECF31CFE72F500F10793 /* iOSCoreAnimationDemoTests.m in Sources */,
			);
			runOnlyForDeploymentPostprocessing = 0;
		};
		9625ECF51CFE72F500F10793 /* Sources */ = {
			isa = PBXSourcesBuildPhase;
			buildActionMask = 2147483647;
			files = (
				9625ECFE1CFE72F500F10793 /* iOSCoreAnimationDemoUITests.m in Sources */,
			);
			runOnlyForDeploymentPostprocessing = 0;
		};
/* End PBXSourcesBuildPhase section */

/* Begin PBXTargetDependency section */
		9625ECF01CFE72F500F10793 /* PBXTargetDependency */ = {
			isa = PBXTargetDependency;
			target = 9625ECD41CFE72F400F10793 /* iOSCoreAnimationDemo */;
			targetProxy = 9625ECEF1CFE72F500F10793 /* PBXContainerItemProxy */;
		};
		9625ECFB1CFE72F500F10793 /* PBXTargetDependency */ = {
			isa = PBXTargetDependency;
			target = 9625ECD41CFE72F400F10793 /* iOSCoreAnimationDemo */;
			targetProxy = 9625ECFA1CFE72F500F10793 /* PBXContainerItemProxy */;
		};
/* End PBXTargetDependency section */

/* Begin PBXVariantGroup section */
		9625ECE11CFE72F400F10793 /* Main.storyboard */ = {
			isa = PBXVariantGroup;
			children = (
				9625ECE21CFE72F400F10793 /* Base */,
			);
			name = Main.storyboard;
			sourceTree = "<group>";
		};
		9625ECE61CFE72F400F10793 /* LaunchScreen.storyboard */ = {
			isa = PBXVariantGroup;
			children = (
				9625ECE71CFE72F400F10793 /* Base */,
			);
			name = LaunchScreen.storyboard;
			sourceTree = "<group>";
		};
/* End PBXVariantGroup section */

/* Begin XCBuildConfiguration section */
		9625ED001CFE72F500F10793 /* Debug */ = {
			isa = XCBuildConfiguration;
			buildSettings = {
				ALWAYS_SEARCH_USER_PATHS = NO;
				CLANG_CXX_LANGUAGE_STANDARD = "gnu++0x";
				CLANG_CXX_LIBRARY = "libc++";
				CLANG_ENABLE_MODULES = YES;
				CLANG_ENABLE_OBJC_ARC = YES;
				CLANG_WARN_BOOL_CONVERSION = YES;
				CLANG_WARN_CONSTANT_CONVERSION = YES;
				CLANG_WARN_DIRECT_OBJC_ISA_USAGE = YES_ERROR;
				CLANG_WARN_EMPTY_BODY = YES;
				CLANG_WARN_ENUM_CONVERSION = YES;
				CLANG_WARN_INT_CONVERSION = YES;
				CLANG_WARN_OBJC_ROOT_CLASS = YES_ERROR;
				CLANG_WARN_UNREACHABLE_CODE = YES;
				CLANG_WARN__DUPLICATE_METHOD_MATCH = YES;
				"CODE_SIGN_IDENTITY[sdk=iphoneos*]" = "iPhone Developer";
				COPY_PHASE_STRIP = NO;
				DEBUG_INFORMATION_FORMAT = dwarf;
				ENABLE_STRICT_OBJC_MSGSEND = YES;
				ENABLE_TESTABILITY = YES;
				GCC_C_LANGUAGE_STANDARD = gnu99;
				GCC_DYNAMIC_NO_PIC = NO;
				GCC_NO_COMMON_BLOCKS = YES;
				GCC_OPTIMIZATION_LEVEL = 0;
				GCC_PREPROCESSOR_DEFINITIONS = (
					"DEBUG=1",
					"$(inherited)",
				);
				GCC_WARN_64_TO_32_BIT_CONVERSION = YES;
				GCC_WARN_ABOUT_RETURN_TYPE = YES_ERROR;
				GCC_WARN_UNDECLARED_SELECTOR = YES;
				GCC_WARN_UNINITIALIZED_AUTOS = YES_AGGRESSIVE;
				GCC_WARN_UNUSED_FUNCTION = YES;
				GCC_WARN_UNUSED_VARIABLE = YES;
				IPHONEOS_DEPLOYMENT_TARGET = 9.2;
				MTL_ENABLE_DEBUG_INFO = YES;
				ONLY_ACTIVE_ARCH = YES;
				SDKROOT = iphoneos;
				TARGETED_DEVICE_FAMILY = "1,2";
			};
			name = Debug;
		};
		9625ED011CFE72F500F10793 /* Release */ = {
			isa = XCBuildConfiguration;
			buildSettings = {
				ALWAYS_SEARCH_USER_PATHS = NO;
				CLANG_CXX_LANGUAGE_STANDARD = "gnu++0x";
				CLANG_CXX_LIBRARY = "libc++";
				CLANG_ENABLE_MODULES = YES;
				CLANG_ENABLE_OBJC_ARC = YES;
				CLANG_WARN_BOOL_CONVERSION = YES;
				CLANG_WARN_CONSTANT_CONVERSION = YES;
				CLANG_WARN_DIRECT_OBJC_ISA_USAGE = YES_ERROR;
				CLANG_WARN_EMPTY_BODY = YES;
				CLANG_WARN_ENUM_CONVERSION = YES;
				CLANG_WARN_INT_CONVERSION = YES;
				CLANG_WARN_OBJC_ROOT_CLASS = YES_ERROR;
				CLANG_WARN_UNREACHABLE_CODE = YES;
				CLANG_WARN__DUPLICATE_METHOD_MATCH = YES;
				"CODE_SIGN_IDENTITY[sdk=iphoneos*]" = "iPhone Developer";
				COPY_PHASE_STRIP = NO;
				DEBUG_INFORMATION_FORMAT = "dwarf-with-dsym";
				ENABLE_NS_ASSERTIONS = NO;
				ENABLE_STRICT_OBJC_MSGSEND = YES;
				GCC_C_LANGUAGE_STANDARD = gnu99;
				GCC_NO_COMMON_BLOCKS = YES;
				GCC_WARN_64_TO_32_BIT_CONVERSION = YES;
				GCC_WARN_ABOUT_RETURN_TYPE = YES_ERROR;
				GCC_WARN_UNDECLARED_SELECTOR = YES;
				GCC_WARN_UNINITIALIZED_AUTOS = YES_AGGRESSIVE;
				GCC_WARN_UNUSED_FUNCTION = YES;
				GCC_WARN_UNUSED_VARIABLE = YES;
				IPHONEOS_DEPLOYMENT_TARGET = 9.2;
				MTL_ENABLE_DEBUG_INFO = NO;
				SDKROOT = iphoneos;
				TARGETED_DEVICE_FAMILY = "1,2";
				VALIDATE_PRODUCT = YES;
			};
			name = Release;
		};
		9625ED031CFE72F500F10793 /* Debug */ = {
			isa = XCBuildConfiguration;
			buildSettings = {
				ASSETCATALOG_COMPILER_APPICON_NAME = AppIcon;
				INFOPLIST_FILE = iOSCoreAnimationDemo/Info.plist;
				LD_RUNPATH_SEARCH_PATHS = "$(inherited) @executable_path/Frameworks";
				PRODUCT_BUNDLE_IDENTIFIER = com.TCBeta.iOSCoreAnimationDemo;
				PRODUCT_NAME = "$(TARGET_NAME)";
			};
			name = Debug;
		};
		9625ED041CFE72F500F10793 /* Release */ = {
			isa = XCBuildConfiguration;
			buildSettings = {
				ASSETCATALOG_COMPILER_APPICON_NAME = AppIcon;
				INFOPLIST_FILE = iOSCoreAnimationDemo/Info.plist;
				LD_RUNPATH_SEARCH_PATHS = "$(inherited) @executable_path/Frameworks";
				PRODUCT_BUNDLE_IDENTIFIER = com.TCBeta.iOSCoreAnimationDemo;
				PRODUCT_NAME = "$(TARGET_NAME)";
			};
			name = Release;
		};
		9625ED061CFE72F500F10793 /* Debug */ = {
			isa = XCBuildConfiguration;
			buildSettings = {
				BUNDLE_LOADER = "$(TEST_HOST)";
				INFOPLIST_FILE = iOSCoreAnimationDemoTests/Info.plist;
				LD_RUNPATH_SEARCH_PATHS = "$(inherited) @executable_path/Frameworks @loader_path/Frameworks";
				PRODUCT_BUNDLE_IDENTIFIER = com.TCBeta.iOSCoreAnimationDemoTests;
				PRODUCT_NAME = "$(TARGET_NAME)";
				TEST_HOST = "$(BUILT_PRODUCTS_DIR)/iOSCoreAnimationDemo.app/iOSCoreAnimationDemo";
			};
			name = Debug;
		};
		9625ED071CFE72F500F10793 /* Release */ = {
			isa = XCBuildConfiguration;
			buildSettings = {
				BUNDLE_LOADER = "$(TEST_HOST)";
				INFOPLIST_FILE = iOSCoreAnimationDemoTests/Info.plist;
				LD_RUNPATH_SEARCH_PATHS = "$(inherited) @executable_path/Frameworks @loader_path/Frameworks";
				PRODUCT_BUNDLE_IDENTIFIER = com.TCBeta.iOSCoreAnimationDemoTests;
				PRODUCT_NAME = "$(TARGET_NAME)";
				TEST_HOST = "$(BUILT_PRODUCTS_DIR)/iOSCoreAnimationDemo.app/iOSCoreAnimationDemo";
			};
			name = Release;
		};
		9625ED091CFE72F500F10793 /* Debug */ = {
			isa = XCBuildConfiguration;
			buildSettings = {
				INFOPLIST_FILE = iOSCoreAnimationDemoUITests/Info.plist;
				LD_RUNPATH_SEARCH_PATHS = "$(inherited) @executable_path/Frameworks @loader_path/Frameworks";
				PRODUCT_BUNDLE_IDENTIFIER = com.TCBeta.iOSCoreAnimationDemoUITests;
				PRODUCT_NAME = "$(TARGET_NAME)";
				TEST_TARGET_NAME = iOSCoreAnimationDemo;
				USES_XCTRUNNER = YES;
			};
			name = Debug;
		};
		9625ED0A1CFE72F500F10793 /* Release */ = {
			isa = XCBuildConfiguration;
			buildSettings = {
				INFOPLIST_FILE = iOSCoreAnimationDemoUITests/Info.plist;
				LD_RUNPATH_SEARCH_PATHS = "$(inherited) @executable_path/Frameworks @loader_path/Frameworks";
				PRODUCT_BUNDLE_IDENTIFIER = com.TCBeta.iOSCoreAnimationDemoUITests;
				PRODUCT_NAME = "$(TARGET_NAME)";
				TEST_TARGET_NAME = iOSCoreAnimationDemo;
				USES_XCTRUNNER = YES;
			};
			name = Release;
		};
/* End XCBuildConfiguration section */

/* Begin XCConfigurationList section */
		9625ECD01CFE72F400F10793 /* Build configuration list for PBXProject "iOSCoreAnimationDemo" */ = {
			isa = XCConfigurationList;
			buildConfigurations = (
				9625ED001CFE72F500F10793 /* Debug */,
				9625ED011CFE72F500F10793 /* Release */,
			);
			defaultConfigurationIsVisible = 0;
			defaultConfigurationName = Release;
		};
		9625ED021CFE72F500F10793 /* Build configuration list for PBXNativeTarget "iOSCoreAnimationDemo" */ = {
			isa = XCConfigurationList;
			buildConfigurations = (
				9625ED031CFE72F500F10793 /* Debug */,
				9625ED041CFE72F500F10793 /* Release */,
			);
			defaultConfigurationIsVisible = 0;
			defaultConfigurationName = Release;
		};
		9625ED051CFE72F500F10793 /* Build configuration list for PBXNativeTarget "iOSCoreAnimationDemoTests" */ = {
			isa = XCConfigurationList;
			buildConfigurations = (
				9625ED061CFE72F500F10793 /* Debug */,
				9625ED071CFE72F500F10793 /* Release */,
			);
			defaultConfigurationIsVisible = 0;
			defaultConfigurationName = Release;
		};
		9625ED081CFE72F500F10793 /* Build configuration list for PBXNativeTarget "iOSCoreAnimationDemoUITests" */ = {
			isa = XCConfigurationList;
			buildConfigurations = (
				9625ED091CFE72F500F10793 /* Debug */,
				9625ED0A1CFE72F500F10793 /* Release */,
			);
			defaultConfigurationIsVisible = 0;
			defaultConfigurationName = Release;
		};
/* End XCConfigurationList section */
	};
	rootObject = 9625ECCD1CFE72F400F10793 /* Project object */;
}
